
Microsoft Visual Studio Solution File, Format Version 12.00
# Visual Studio Version 17
Project("{8BC9CEB8-8B4A-11D0-8D11-00A0C91BC942}") = "ALL_BUILD", "ALL_BUILD.vcxproj", "{B7D3581E-D7CB-35E2-90B4-F3510BEF10CC}"
	ProjectSection(ProjectDependencies) = postProject
		{C03F827A-BBC2-3D6F-B6CF-7BCB85FA4D55} = {C03F827A-BBC2-3D6F-B6CF-7BCB85FA4D55}
		{D5562675-8913-39F9-BDD0-9A62B968ADE9} = {D5562675-8913-39F9-BDD0-9A62B968ADE9}
		{5D94B911-B14D-3914-A380-C9EBCF2974B7} = {5D94B911-B14D-3914-A380-C9EBCF2974B7}
		{A0786567-E62E-374C-A1A0-C07773AE795B} = {A0786567-E62E-374C-A1A0-C07773AE795B}
		{4C729D0B-C79B-3FCD-B44A-F5132114DC11} = {4C729D0B-C79B-3FCD-B44A-F5132114DC11}
		{4AFD37CA-BA3F-3662-8690-D3B037171E7E} = {4AFD37CA-BA3F-3662-8690-D3B037171E7E}
		{29BE14B8-1337-3DAC-BE21-C472E3B2396A} = {29BE14B8-1337-3DAC-BE21-C472E3B2396A}
		{9AEAE149-0877-3647-A5DC-3126AD49FE9E} = {9AEAE149-0877-3647-A5DC-3126AD49FE9E}
		{868AE59B-D32B-3B7B-B84C-FD7DF89EA4F0} = {868AE59B-D32B-3B7B-B84C-FD7DF89EA4F0}
		{0DB18DB5-8D49-3A2C-B1AC-353BFC66EF81} = {0DB18DB5-8D49-3A2C-B1AC-353BFC66EF81}
		{D4000A25-E675-38AE-AD91-6209FD814182} = {D4000A25-E675-38AE-AD91-6209FD814182}
		{56130B2D-5089-379A-9852-7D6F1C9E11CA} = {56130B2D-5089-379A-9852-7D6F1C9E11CA}
		{16FBB3F3-BF2E-3E4E-A53D-BD662B0DE5D2} = {16FBB3F3-BF2E-3E4E-A53D-BD662B0DE5D2}
		{3EB21716-456D-34E8-AD23-79ADA2F7F7DC} = {3EB21716-456D-34E8-AD23-79ADA2F7F7DC}
		{96427AD7-18A9-31EA-9F64-D86717DFC7B6} = {96427AD7-18A9-31EA-9F64-D86717DFC7B6}
		{123EF301-34FC-3E56-B93F-A033CB2DB0C8} = {123EF301-34FC-3E56-B93F-A033CB2DB0C8}
	EndProjectSection
EndProject
Project("{8BC9CEB8-8B4A-11D0-8D11-00A0C91BC942}") = "ClMath", "Engine\Engine\ClMath\ClMath.vcxproj", "{643B2B46-56F7-338C-8348-DB873CF23607}"
	ProjectSection(ProjectDependencies) = postProject
	EndProjectSection
EndProject
Project("{8BC9CEB8-8B4A-11D0-8D11-00A0C91BC942}") = "ClPlatforms", "Engine\Engine\ClPlatforms\ClPlatforms.vcxproj", "{C03F827A-BBC2-3D6F-B6CF-7BCB85FA4D55}"
	ProjectSection(ProjectDependencies) = postProject
		{509506EA-6590-3DFF-BB20-F71AC2BCA025} = {509506EA-6590-3DFF-BB20-F71AC2BCA025}
	EndProjectSection
EndProject
Project("{8BC9CEB8-8B4A-11D0-8D11-00A0C91BC942}") = "ClRenderManager", "Engine\Engine\ClRenderManager\ClRenderManager.vcxproj", "{509506EA-6590-3DFF-BB20-F71AC2BCA025}"
	ProjectSection(ProjectDependencies) = postProject
		{8AB66C70-00A3-389D-9F17-7858C7CF1574} = {8AB66C70-00A3-389D-9F17-7858C7CF1574}
	EndProjectSection
EndProject
Project("{8BC9CEB8-8B4A-11D0-8D11-00A0C91BC942}") = "ClVkBuffer", "Engine\Engine\ClVulkanRenderer\ClVulkanRenderer\ClVkBuffer\ClVkBuffer.vcxproj", "{BDF4C0D4-04BA-3766-8E67-CB497AFF0207}"
	ProjectSection(ProjectDependencies) = postProject
		{6D37EF87-2055-3577-A90B-35776D55DDE6} = {6D37EF87-2055-3577-A90B-35776D55DDE6}
	EndProjectSection
EndProject
Project("{8BC9CEB8-8B4A-11D0-8D11-00A0C91BC942}") = "ClVkCmds", "Engine\Engine\ClVulkanRenderer\ClVulkanRenderer\ClVkCmds\ClVkCmds.vcxproj", "{D500457F-A22B-3A01-864B-D62368075610}"
	ProjectSection(ProjectDependencies) = postProject
		{A0786567-E62E-374C-A1A0-C07773AE795B} = {A0786567-E62E-374C-A1A0-C07773AE795B}
		{4AFD37CA-BA3F-3662-8690-D3B037171E7E} = {4AFD37CA-BA3F-3662-8690-D3B037171E7E}
		{29BE14B8-1337-3DAC-BE21-C472E3B2396A} = {29BE14B8-1337-3DAC-BE21-C472E3B2396A}
		{9AEAE149-0877-3647-A5DC-3126AD49FE9E} = {9AEAE149-0877-3647-A5DC-3126AD49FE9E}
		{56130B2D-5089-379A-9852-7D6F1C9E11CA} = {56130B2D-5089-379A-9852-7D6F1C9E11CA}
		{3EB21716-456D-34E8-AD23-79ADA2F7F7DC} = {3EB21716-456D-34E8-AD23-79ADA2F7F7DC}
		{96427AD7-18A9-31EA-9F64-D86717DFC7B6} = {96427AD7-18A9-31EA-9F64-D86717DFC7B6}
		{123EF301-34FC-3E56-B93F-A033CB2DB0C8} = {123EF301-34FC-3E56-B93F-A033CB2DB0C8}
	EndProjectSection
EndProject
Project("{8BC9CEB8-8B4A-11D0-8D11-00A0C91BC942}") = "ClVkContext", "Engine\Engine\ClVulkanRenderer\ClVulkanRenderer\ClVkContext\ClVkContext.vcxproj", "{3D6D9859-1395-39EC-AC6E-DD8DBE5EB9F3}"
	ProjectSection(ProjectDependencies) = postProject
		{8BB26D31-D2B5-34E8-857B-4606FB44C5BE} = {8BB26D31-D2B5-34E8-857B-4606FB44C5BE}
	EndProjectSection
EndProject
Project("{8BC9CEB8-8B4A-11D0-8D11-00A0C91BC942}") = "ClVkDescriptor", "Engine\Engine\ClVulkanRenderer\ClVulkanRenderer\ClVkDescriptor\ClVkDescriptor.vcxproj", "{6D37EF87-2055-3577-A90B-35776D55DDE6}"
	ProjectSection(ProjectDependencies) = postProject
		{C560330E-AF45-3994-AE33-B814476716DC} = {C560330E-AF45-3994-AE33-B814476716DC}
	EndProjectSection
EndProject
Project("{8BC9CEB8-8B4A-11D0-8D11-00A0C91BC942}") = "ClVkExt", "Engine\Engine\ClVulkanRenderer\ClVulkanRenderer\ClVkContext\ClVkExt\ClVkExt.vcxproj", "{8BB26D31-D2B5-34E8-857B-4606FB44C5BE}"
	ProjectSection(ProjectDependencies) = postProject
		{0CEE3996-7D9F-340B-9818-A39B931F23D1} = {0CEE3996-7D9F-340B-9818-A39B931F23D1}
	EndProjectSection
EndProject
Project("{8BC9CEB8-8B4A-11D0-8D11-00A0C91BC942}") = "ClVkImage", "Engine\Engine\ClVulkanRenderer\ClVulkanRenderer\ClVkImage\ClVkImage.vcxproj", "{0CEE3996-7D9F-340B-9818-A39B931F23D1}"
	ProjectSection(ProjectDependencies) = postProject
		{BDF4C0D4-04BA-3766-8E67-CB497AFF0207} = {BDF4C0D4-04BA-3766-8E67-CB497AFF0207}
	EndProjectSection
EndProject
Project("{8BC9CEB8-8B4A-11D0-8D11-00A0C91BC942}") = "ClVkPipeline", "Engine\Engine\ClVulkanRenderer\ClVulkanRenderer\ClVkPipeline\ClVkPipeline.vcxproj", "{23B3AA2E-C308-347C-B335-D67AA4084D01}"
	ProjectSection(ProjectDependencies) = postProject
		{D500457F-A22B-3A01-864B-D62368075610} = {D500457F-A22B-3A01-864B-D62368075610}
	EndProjectSection
EndProject
Project("{8BC9CEB8-8B4A-11D0-8D11-00A0C91BC942}") = "ClVkSwapchain", "Engine\Engine\ClVulkanRenderer\ClVulkanRenderer\ClVkSwapchain\ClVkSwapchain.vcxproj", "{C560330E-AF45-3994-AE33-B814476716DC}"
	ProjectSection(ProjectDependencies) = postProject
		{23B3AA2E-C308-347C-B335-D67AA4084D01} = {23B3AA2E-C308-347C-B335-D67AA4084D01}
	EndProjectSection
EndProject
Project("{8BC9CEB8-8B4A-11D0-8D11-00A0C91BC942}") = "ClVulkanRenderer", "Engine\Engine\ClVulkanRenderer\ClVulkanRenderer.vcxproj", "{6FA43B28-D06B-3F45-89EF-8714C3A58EEA}"
	ProjectSection(ProjectDependencies) = postProject
		{3D6D9859-1395-39EC-AC6E-DD8DBE5EB9F3} = {3D6D9859-1395-39EC-AC6E-DD8DBE5EB9F3}
	EndProjectSection
EndProject
Project("{8BC9CEB8-8B4A-11D0-8D11-00A0C91BC942}") = "ClunkyEditor", "ClunkyEditor\ClunkyEditor.vcxproj", "{D5562675-8913-39F9-BDD0-9A62B968ADE9}"
	ProjectSection(ProjectDependencies) = postProject
		{C03F827A-BBC2-3D6F-B6CF-7BCB85FA4D55} = {C03F827A-BBC2-3D6F-B6CF-7BCB85FA4D55}
		{5D94B911-B14D-3914-A380-C9EBCF2974B7} = {5D94B911-B14D-3914-A380-C9EBCF2974B7}
		{A0786567-E62E-374C-A1A0-C07773AE795B} = {A0786567-E62E-374C-A1A0-C07773AE795B}
		{4C729D0B-C79B-3FCD-B44A-F5132114DC11} = {4C729D0B-C79B-3FCD-B44A-F5132114DC11}
		{4AFD37CA-BA3F-3662-8690-D3B037171E7E} = {4AFD37CA-BA3F-3662-8690-D3B037171E7E}
		{29BE14B8-1337-3DAC-BE21-C472E3B2396A} = {29BE14B8-1337-3DAC-BE21-C472E3B2396A}
		{9AEAE149-0877-3647-A5DC-3126AD49FE9E} = {9AEAE149-0877-3647-A5DC-3126AD49FE9E}
		{56130B2D-5089-379A-9852-7D6F1C9E11CA} = {56130B2D-5089-379A-9852-7D6F1C9E11CA}
		{3EB21716-456D-34E8-AD23-79ADA2F7F7DC} = {3EB21716-456D-34E8-AD23-79ADA2F7F7DC}
		{96427AD7-18A9-31EA-9F64-D86717DFC7B6} = {96427AD7-18A9-31EA-9F64-D86717DFC7B6}
		{123EF301-34FC-3E56-B93F-A033CB2DB0C8} = {123EF301-34FC-3E56-B93F-A033CB2DB0C8}
	EndProjectSection
EndProject
Project("{8BC9CEB8-8B4A-11D0-8D11-00A0C91BC942}") = "Core", "Engine\Engine\Core\Core.vcxproj", "{8AB66C70-00A3-389D-9F17-7858C7CF1574}"
	ProjectSection(ProjectDependencies) = postProject
		{6FA43B28-D06B-3F45-89EF-8714C3A58EEA} = {6FA43B28-D06B-3F45-89EF-8714C3A58EEA}
	EndProjectSection
EndProject
Project("{8BC9CEB8-8B4A-11D0-8D11-00A0C91BC942}") = "Engine", "Engine\Engine.vcxproj", "{5D94B911-B14D-3914-A380-C9EBCF2974B7}"
	ProjectSection(ProjectDependencies) = postProject
		{C03F827A-BBC2-3D6F-B6CF-7BCB85FA4D55} = {C03F827A-BBC2-3D6F-B6CF-7BCB85FA4D55}
		{A0786567-E62E-374C-A1A0-C07773AE795B} = {A0786567-E62E-374C-A1A0-C07773AE795B}
		{4AFD37CA-BA3F-3662-8690-D3B037171E7E} = {4AFD37CA-BA3F-3662-8690-D3B037171E7E}
		{29BE14B8-1337-3DAC-BE21-C472E3B2396A} = {29BE14B8-1337-3DAC-BE21-C472E3B2396A}
		{9AEAE149-0877-3647-A5DC-3126AD49FE9E} = {9AEAE149-0877-3647-A5DC-3126AD49FE9E}
		{56130B2D-5089-379A-9852-7D6F1C9E11CA} = {56130B2D-5089-379A-9852-7D6F1C9E11CA}
		{3EB21716-456D-34E8-AD23-79ADA2F7F7DC} = {3EB21716-456D-34E8-AD23-79ADA2F7F7DC}
		{96427AD7-18A9-31EA-9F64-D86717DFC7B6} = {96427AD7-18A9-31EA-9F64-D86717DFC7B6}
		{123EF301-34FC-3E56-B93F-A033CB2DB0C8} = {123EF301-34FC-3E56-B93F-A033CB2DB0C8}
	EndProjectSection
EndProject
Project("{8BC9CEB8-8B4A-11D0-8D11-00A0C91BC942}") = "Events", "Engine\Engine\Events\Events.vcxproj", "{A0786567-E62E-374C-A1A0-C07773AE795B}"
	ProjectSection(ProjectDependencies) = postProject
		{29BE14B8-1337-3DAC-BE21-C472E3B2396A} = {29BE14B8-1337-3DAC-BE21-C472E3B2396A}
		{9AEAE149-0877-3647-A5DC-3126AD49FE9E} = {9AEAE149-0877-3647-A5DC-3126AD49FE9E}
	EndProjectSection
EndProject
Project("{8BC9CEB8-8B4A-11D0-8D11-00A0C91BC942}") = "ImGui", "ThirdParty\ImGui\ImGui.vcxproj", "{4C729D0B-C79B-3FCD-B44A-F5132114DC11}"
	ProjectSection(ProjectDependencies) = postProject
	EndProjectSection
EndProject
Project("{8BC9CEB8-8B4A-11D0-8D11-00A0C91BC942}") = "MeshOptimizer", "ThirdParty\MeshOptimizer\MeshOptimizer.vcxproj", "{4AFD37CA-BA3F-3662-8690-D3B037171E7E}"
	ProjectSection(ProjectDependencies) = postProject
	EndProjectSection
EndProject
Project("{8BC9CEB8-8B4A-11D0-8D11-00A0C91BC942}") = "PCH", "Engine\Engine\PCH\PCH.vcxproj", "{29BE14B8-1337-3DAC-BE21-C472E3B2396A}"
	ProjectSection(ProjectDependencies) = postProject
		{643B2B46-56F7-338C-8348-DB873CF23607} = {643B2B46-56F7-338C-8348-DB873CF23607}
	EndProjectSection
EndProject
Project("{8BC9CEB8-8B4A-11D0-8D11-00A0C91BC942}") = "SDL2", "_deps\sdl2-build\SDL2.vcxproj", "{9AEAE149-0877-3647-A5DC-3126AD49FE9E}"
	ProjectSection(ProjectDependencies) = postProject
		{B460C669-3FF9-34E2-9A82-4C05E0E479E7} = {B460C669-3FF9-34E2-9A82-4C05E0E479E7}
	EndProjectSection
EndProject
Project("{8BC9CEB8-8B4A-11D0-8D11-00A0C91BC942}") = "SDL2-static", "_deps\sdl2-build\SDL2-static.vcxproj", "{868AE59B-D32B-3B7B-B84C-FD7DF89EA4F0}"
	ProjectSection(ProjectDependencies) = postProject
		{B460C669-3FF9-34E2-9A82-4C05E0E479E7} = {B460C669-3FF9-34E2-9A82-4C05E0E479E7}
	EndProjectSection
EndProject
Project("{8BC9CEB8-8B4A-11D0-8D11-00A0C91BC942}") = "SDL2_test", "_deps\sdl2-build\SDL2_test.vcxproj", "{0DB18DB5-8D49-3A2C-B1AC-353BFC66EF81}"
	ProjectSection(ProjectDependencies) = postProject
		{B460C669-3FF9-34E2-9A82-4C05E0E479E7} = {B460C669-3FF9-34E2-9A82-4C05E0E479E7}
	EndProjectSection
EndProject
Project("{8BC9CEB8-8B4A-11D0-8D11-00A0C91BC942}") = "SDL2main", "_deps\sdl2-build\SDL2main.vcxproj", "{D4000A25-E675-38AE-AD91-6209FD814182}"
	ProjectSection(ProjectDependencies) = postProject
		{B460C669-3FF9-34E2-9A82-4C05E0E479E7} = {B460C669-3FF9-34E2-9A82-4C05E0E479E7}
	EndProjectSection
EndProject
Project("{8BC9CEB8-8B4A-11D0-8D11-00A0C91BC942}") = "STB_Image", "ThirdParty\STB_Image\STB_Image.vcxproj", "{56130B2D-5089-379A-9852-7D6F1C9E11CA}"
	ProjectSection(ProjectDependencies) = postProject
	EndProjectSection
EndProject
Project("{8BC9CEB8-8B4A-11D0-8D11-00A0C91BC942}") = "ThirdParty", "ThirdParty\ThirdParty.vcxproj", "{27DF597F-63CA-3396-862B-024651B36C5A}"
	ProjectSection(ProjectDependencies) = postProject
		{4C729D0B-C79B-3FCD-B44A-F5132114DC11} = {4C729D0B-C79B-3FCD-B44A-F5132114DC11}
		{4AFD37CA-BA3F-3662-8690-D3B037171E7E} = {4AFD37CA-BA3F-3662-8690-D3B037171E7E}
		{9AEAE149-0877-3647-A5DC-3126AD49FE9E} = {9AEAE149-0877-3647-A5DC-3126AD49FE9E}
		{56130B2D-5089-379A-9852-7D6F1C9E11CA} = {56130B2D-5089-379A-9852-7D6F1C9E11CA}
		{16FBB3F3-BF2E-3E4E-A53D-BD662B0DE5D2} = {16FBB3F3-BF2E-3E4E-A53D-BD662B0DE5D2}
		{3EB21716-456D-34E8-AD23-79ADA2F7F7DC} = {3EB21716-456D-34E8-AD23-79ADA2F7F7DC}
		{96427AD7-18A9-31EA-9F64-D86717DFC7B6} = {96427AD7-18A9-31EA-9F64-D86717DFC7B6}
		{123EF301-34FC-3E56-B93F-A033CB2DB0C8} = {123EF301-34FC-3E56-B93F-A033CB2DB0C8}
	EndProjectSection
EndProject
Project("{8BC9CEB8-8B4A-11D0-8D11-00A0C91BC942}") = "TinyGLTF", "ThirdParty\TinyGLTF\TinyGLTF.vcxproj", "{16FBB3F3-BF2E-3E4E-A53D-BD662B0DE5D2}"
	ProjectSection(ProjectDependencies) = postProject
		{56130B2D-5089-379A-9852-7D6F1C9E11CA} = {56130B2D-5089-379A-9852-7D6F1C9E11CA}
	EndProjectSection
EndProject
Project("{8BC9CEB8-8B4A-11D0-8D11-00A0C91BC942}") = "TinyObjLoader", "ThirdParty\TinyObjLoader\TinyObjLoader.vcxproj", "{3EB21716-456D-34E8-AD23-79ADA2F7F7DC}"
	ProjectSection(ProjectDependencies) = postProject
	EndProjectSection
EndProject
Project("{8BC9CEB8-8B4A-11D0-8D11-00A0C91BC942}") = "TinyXML2", "ThirdParty\TinyXML2\TinyXML2.vcxproj", "{96427AD7-18A9-31EA-9F64-D86717DFC7B6}"
	ProjectSection(ProjectDependencies) = postProject
	EndProjectSection
EndProject
Project("{8BC9CEB8-8B4A-11D0-8D11-00A0C91BC942}") = "VkMemAllocator", "ThirdParty\VkMemAllocator\VkMemAllocator.vcxproj", "{123EF301-34FC-3E56-B93F-A033CB2DB0C8}"
	ProjectSection(ProjectDependencies) = postProject
	EndProjectSection
EndProject
Project("{8BC9CEB8-8B4A-11D0-8D11-00A0C91BC942}") = "sdl_headers_copy", "_deps\sdl2-build\sdl_headers_copy.vcxproj", "{B460C669-3FF9-34E2-9A82-4C05E0E479E7}"
	ProjectSection(ProjectDependencies) = postProject
	EndProjectSection
EndProject
Project("{8BC9CEB8-8B4A-11D0-8D11-00A0C91BC942}") = "uninstall", "_deps\sdl2-build\uninstall.vcxproj", "{DA0DCD7C-008C-3F82-9596-30DB04726DA0}"
	ProjectSection(ProjectDependencies) = postProject
	EndProjectSection
EndProject
Global
	GlobalSection(SolutionConfigurationPlatforms) = preSolution
		Debug|x64 = Debug|x64
		Release|x64 = Release|x64
		MinSizeRel|x64 = MinSizeRel|x64
		RelWithDebInfo|x64 = RelWithDebInfo|x64
	EndGlobalSection
	GlobalSection(ProjectConfigurationPlatforms) = postSolution
		{B7D3581E-D7CB-35E2-90B4-F3510BEF10CC}.Debug|x64.ActiveCfg = Debug|x64
		{B7D3581E-D7CB-35E2-90B4-F3510BEF10CC}.Release|x64.ActiveCfg = Release|x64
		{B7D3581E-D7CB-35E2-90B4-F3510BEF10CC}.MinSizeRel|x64.ActiveCfg = MinSizeRel|x64
		{B7D3581E-D7CB-35E2-90B4-F3510BEF10CC}.RelWithDebInfo|x64.ActiveCfg = RelWithDebInfo|x64
		{643B2B46-56F7-338C-8348-DB873CF23607}.Debug|x64.ActiveCfg = Debug|x64
		{643B2B46-56F7-338C-8348-DB873CF23607}.Debug|x64.Build.0 = Debug|x64
		{643B2B46-56F7-338C-8348-DB873CF23607}.Release|x64.ActiveCfg = Release|x64
		{643B2B46-56F7-338C-8348-DB873CF23607}.Release|x64.Build.0 = Release|x64
		{643B2B46-56F7-338C-8348-DB873CF23607}.MinSizeRel|x64.ActiveCfg = MinSizeRel|x64
		{643B2B46-56F7-338C-8348-DB873CF23607}.MinSizeRel|x64.Build.0 = MinSizeRel|x64
		{643B2B46-56F7-338C-8348-DB873CF23607}.RelWithDebInfo|x64.ActiveCfg = RelWithDebInfo|x64
		{643B2B46-56F7-338C-8348-DB873CF23607}.RelWithDebInfo|x64.Build.0 = RelWithDebInfo|x64
		{C03F827A-BBC2-3D6F-B6CF-7BCB85FA4D55}.Debug|x64.ActiveCfg = Debug|x64
		{C03F827A-BBC2-3D6F-B6CF-7BCB85FA4D55}.Debug|x64.Build.0 = Debug|x64
		{C03F827A-BBC2-3D6F-B6CF-7BCB85FA4D55}.Release|x64.ActiveCfg = Release|x64
		{C03F827A-BBC2-3D6F-B6CF-7BCB85FA4D55}.Release|x64.Build.0 = Release|x64
		{C03F827A-BBC2-3D6F-B6CF-7BCB85FA4D55}.MinSizeRel|x64.ActiveCfg = MinSizeRel|x64
		{C03F827A-BBC2-3D6F-B6CF-7BCB85FA4D55}.MinSizeRel|x64.Build.0 = MinSizeRel|x64
		{C03F827A-BBC2-3D6F-B6CF-7BCB85FA4D55}.RelWithDebInfo|x64.ActiveCfg = RelWithDebInfo|x64
		{C03F827A-BBC2-3D6F-B6CF-7BCB85FA4D55}.RelWithDebInfo|x64.Build.0 = RelWithDebInfo|x64
		{509506EA-6590-3DFF-BB20-F71AC2BCA025}.Debug|x64.ActiveCfg = Debug|x64
		{509506EA-6590-3DFF-BB20-F71AC2BCA025}.Debug|x64.Build.0 = Debug|x64
		{509506EA-6590-3DFF-BB20-F71AC2BCA025}.Release|x64.ActiveCfg = Release|x64
		{509506EA-6590-3DFF-BB20-F71AC2BCA025}.Release|x64.Build.0 = Release|x64
		{509506EA-6590-3DFF-BB20-F71AC2BCA025}.MinSizeRel|x64.ActiveCfg = MinSizeRel|x64
		{509506EA-6590-3DFF-BB20-F71AC2BCA025}.MinSizeRel|x64.Build.0 = MinSizeRel|x64
		{509506EA-6590-3DFF-BB20-F71AC2BCA025}.RelWithDebInfo|x64.ActiveCfg = RelWithDebInfo|x64
		{509506EA-6590-3DFF-BB20-F71AC2BCA025}.RelWithDebInfo|x64.Build.0 = RelWithDebInfo|x64
		{BDF4C0D4-04BA-3766-8E67-CB497AFF0207}.Debug|x64.ActiveCfg = Debug|x64
		{BDF4C0D4-04BA-3766-8E67-CB497AFF0207}.Debug|x64.Build.0 = Debug|x64
		{BDF4C0D4-04BA-3766-8E67-CB497AFF0207}.Release|x64.ActiveCfg = Release|x64
		{BDF4C0D4-04BA-3766-8E67-CB497AFF0207}.Release|x64.Build.0 = Release|x64
		{BDF4C0D4-04BA-3766-8E67-CB497AFF0207}.MinSizeRel|x64.ActiveCfg = MinSizeRel|x64
		{BDF4C0D4-04BA-3766-8E67-CB497AFF0207}.MinSizeRel|x64.Build.0 = MinSizeRel|x64
		{BDF4C0D4-04BA-3766-8E67-CB497AFF0207}.RelWithDebInfo|x64.ActiveCfg = RelWithDebInfo|x64
		{BDF4C0D4-04BA-3766-8E67-CB497AFF0207}.RelWithDebInfo|x64.Build.0 = RelWithDebInfo|x64
		{D500457F-A22B-3A01-864B-D62368075610}.Debug|x64.ActiveCfg = Debug|x64
		{D500457F-A22B-3A01-864B-D62368075610}.Debug|x64.Build.0 = Debug|x64
		{D500457F-A22B-3A01-864B-D62368075610}.Release|x64.ActiveCfg = Release|x64
		{D500457F-A22B-3A01-864B-D62368075610}.Release|x64.Build.0 = Release|x64
		{D500457F-A22B-3A01-864B-D62368075610}.MinSizeRel|x64.ActiveCfg = MinSizeRel|x64
		{D500457F-A22B-3A01-864B-D62368075610}.MinSizeRel|x64.Build.0 = MinSizeRel|x64
		{D500457F-A22B-3A01-864B-D62368075610}.RelWithDebInfo|x64.ActiveCfg = RelWithDebInfo|x64
		{D500457F-A22B-3A01-864B-D62368075610}.RelWithDebInfo|x64.Build.0 = RelWithDebInfo|x64
		{3D6D9859-1395-39EC-AC6E-DD8DBE5EB9F3}.Debug|x64.ActiveCfg = Debug|x64
		{3D6D9859-1395-39EC-AC6E-DD8DBE5EB9F3}.Debug|x64.Build.0 = Debug|x64
		{3D6D9859-1395-39EC-AC6E-DD8DBE5EB9F3}.Release|x64.ActiveCfg = Release|x64
		{3D6D9859-1395-39EC-AC6E-DD8DBE5EB9F3}.Release|x64.Build.0 = Release|x64
		{3D6D9859-1395-39EC-AC6E-DD8DBE5EB9F3}.MinSizeRel|x64.ActiveCfg = MinSizeRel|x64
		{3D6D9859-1395-39EC-AC6E-DD8DBE5EB9F3}.MinSizeRel|x64.Build.0 = MinSizeRel|x64
		{3D6D9859-1395-39EC-AC6E-DD8DBE5EB9F3}.RelWithDebInfo|x64.ActiveCfg = RelWithDebInfo|x64
		{3D6D9859-1395-39EC-AC6E-DD8DBE5EB9F3}.RelWithDebInfo|x64.Build.0 = RelWithDebInfo|x64
		{6D37EF87-2055-3577-A90B-35776D55DDE6}.Debug|x64.ActiveCfg = Debug|x64
		{6D37EF87-2055-3577-A90B-35776D55DDE6}.Debug|x64.Build.0 = Debug|x64
		{6D37EF87-2055-3577-A90B-35776D55DDE6}.Release|x64.ActiveCfg = Release|x64
		{6D37EF87-2055-3577-A90B-35776D55DDE6}.Release|x64.Build.0 = Release|x64
		{6D37EF87-2055-3577-A90B-35776D55DDE6}.MinSizeRel|x64.ActiveCfg = MinSizeRel|x64
		{6D37EF87-2055-3577-A90B-35776D55DDE6}.MinSizeRel|x64.Build.0 = MinSizeRel|x64
		{6D37EF87-2055-3577-A90B-35776D55DDE6}.RelWithDebInfo|x64.ActiveCfg = RelWithDebInfo|x64
		{6D37EF87-2055-3577-A90B-35776D55DDE6}.RelWithDebInfo|x64.Build.0 = RelWithDebInfo|x64
		{8BB26D31-D2B5-34E8-857B-4606FB44C5BE}.Debug|x64.ActiveCfg = Debug|x64
		{8BB26D31-D2B5-34E8-857B-4606FB44C5BE}.Debug|x64.Build.0 = Debug|x64
		{8BB26D31-D2B5-34E8-857B-4606FB44C5BE}.Release|x64.ActiveCfg = Release|x64
		{8BB26D31-D2B5-34E8-857B-4606FB44C5BE}.Release|x64.Build.0 = Release|x64
		{8BB26D31-D2B5-34E8-857B-4606FB44C5BE}.MinSizeRel|x64.ActiveCfg = MinSizeRel|x64
		{8BB26D31-D2B5-34E8-857B-4606FB44C5BE}.MinSizeRel|x64.Build.0 = MinSizeRel|x64
		{8BB26D31-D2B5-34E8-857B-4606FB44C5BE}.RelWithDebInfo|x64.ActiveCfg = RelWithDebInfo|x64
		{8BB26D31-D2B5-34E8-857B-4606FB44C5BE}.RelWithDebInfo|x64.Build.0 = RelWithDebInfo|x64
		{0CEE3996-7D9F-340B-9818-A39B931F23D1}.Debug|x64.ActiveCfg = Debug|x64
		{0CEE3996-7D9F-340B-9818-A39B931F23D1}.Debug|x64.Build.0 = Debug|x64
		{0CEE3996-7D9F-340B-9818-A39B931F23D1}.Release|x64.ActiveCfg = Release|x64
		{0CEE3996-7D9F-340B-9818-A39B931F23D1}.Release|x64.Build.0 = Release|x64
		{0CEE3996-7D9F-340B-9818-A39B931F23D1}.MinSizeRel|x64.ActiveCfg = MinSizeRel|x64
		{0CEE3996-7D9F-340B-9818-A39B931F23D1}.MinSizeRel|x64.Build.0 = MinSizeRel|x64
		{0CEE3996-7D9F-340B-9818-A39B931F23D1}.RelWithDebInfo|x64.ActiveCfg = RelWithDebInfo|x64
		{0CEE3996-7D9F-340B-9818-A39B931F23D1}.RelWithDebInfo|x64.Build.0 = RelWithDebInfo|x64
		{23B3AA2E-C308-347C-B335-D67AA4084D01}.Debug|x64.ActiveCfg = Debug|x64
		{23B3AA2E-C308-347C-B335-D67AA4084D01}.Debug|x64.Build.0 = Debug|x64
		{23B3AA2E-C308-347C-B335-D67AA4084D01}.Release|x64.ActiveCfg = Release|x64
		{23B3AA2E-C308-347C-B335-D67AA4084D01}.Release|x64.Build.0 = Release|x64
		{23B3AA2E-C308-347C-B335-D67AA4084D01}.MinSizeRel|x64.ActiveCfg = MinSizeRel|x64
		{23B3AA2E-C308-347C-B335-D67AA4084D01}.MinSizeRel|x64.Build.0 = MinSizeRel|x64
		{23B3AA2E-C308-347C-B335-D67AA4084D01}.RelWithDebInfo|x64.ActiveCfg = RelWithDebInfo|x64
		{23B3AA2E-C308-347C-B335-D67AA4084D01}.RelWithDebInfo|x64.Build.0 = RelWithDebInfo|x64
		{C560330E-AF45-3994-AE33-B814476716DC}.Debug|x64.ActiveCfg = Debug|x64
		{C560330E-AF45-3994-AE33-B814476716DC}.Debug|x64.Build.0 = Debug|x64
		{C560330E-AF45-3994-AE33-B814476716DC}.Release|x64.ActiveCfg = Release|x64
		{C560330E-AF45-3994-AE33-B814476716DC}.Release|x64.Build.0 = Release|x64
		{C560330E-AF45-3994-AE33-B814476716DC}.MinSizeRel|x64.ActiveCfg = MinSizeRel|x64
		{C560330E-AF45-3994-AE33-B814476716DC}.MinSizeRel|x64.Build.0 = MinSizeRel|x64
		{C560330E-AF45-3994-AE33-B814476716DC}.RelWithDebInfo|x64.ActiveCfg = RelWithDebInfo|x64
		{C560330E-AF45-3994-AE33-B814476716DC}.RelWithDebInfo|x64.Build.0 = RelWithDebInfo|x64
		{6FA43B28-D06B-3F45-89EF-8714C3A58EEA}.Debug|x64.ActiveCfg = Debug|x64
		{6FA43B28-D06B-3F45-89EF-8714C3A58EEA}.Debug|x64.Build.0 = Debug|x64
		{6FA43B28-D06B-3F45-89EF-8714C3A58EEA}.Release|x64.ActiveCfg = Release|x64
		{6FA43B28-D06B-3F45-89EF-8714C3A58EEA}.Release|x64.Build.0 = Release|x64
		{6FA43B28-D06B-3F45-89EF-8714C3A58EEA}.MinSizeRel|x64.ActiveCfg = MinSizeRel|x64
		{6FA43B28-D06B-3F45-89EF-8714C3A58EEA}.MinSizeRel|x64.Build.0 = MinSizeRel|x64
		{6FA43B28-D06B-3F45-89EF-8714C3A58EEA}.RelWithDebInfo|x64.ActiveCfg = RelWithDebInfo|x64
		{6FA43B28-D06B-3F45-89EF-8714C3A58EEA}.RelWithDebInfo|x64.Build.0 = RelWithDebInfo|x64
		{D5562675-8913-39F9-BDD0-9A62B968ADE9}.Debug|x64.ActiveCfg = Debug|x64
		{D5562675-8913-39F9-BDD0-9A62B968ADE9}.Debug|x64.Build.0 = Debug|x64
		{D5562675-8913-39F9-BDD0-9A62B968ADE9}.Release|x64.ActiveCfg = Release|x64
		{D5562675-8913-39F9-BDD0-9A62B968ADE9}.Release|x64.Build.0 = Release|x64
		{D5562675-8913-39F9-BDD0-9A62B968ADE9}.MinSizeRel|x64.ActiveCfg = MinSizeRel|x64
		{D5562675-8913-39F9-BDD0-9A62B968ADE9}.MinSizeRel|x64.Build.0 = MinSizeRel|x64
		{D5562675-8913-39F9-BDD0-9A62B968ADE9}.RelWithDebInfo|x64.ActiveCfg = RelWithDebInfo|x64
		{D5562675-8913-39F9-BDD0-9A62B968ADE9}.RelWithDebInfo|x64.Build.0 = RelWithDebInfo|x64
		{8AB66C70-00A3-389D-9F17-7858C7CF1574}.Debug|x64.ActiveCfg = Debug|x64
		{8AB66C70-00A3-389D-9F17-7858C7CF1574}.Debug|x64.Build.0 = Debug|x64
		{8AB66C70-00A3-389D-9F17-7858C7CF1574}.Release|x64.ActiveCfg = Release|x64
		{8AB66C70-00A3-389D-9F17-7858C7CF1574}.Release|x64.Build.0 = Release|x64
		{8AB66C70-00A3-389D-9F17-7858C7CF1574}.MinSizeRel|x64.ActiveCfg = MinSizeRel|x64
		{8AB66C70-00A3-389D-9F17-7858C7CF1574}.MinSizeRel|x64.Build.0 = MinSizeRel|x64
		{8AB66C70-00A3-389D-9F17-7858C7CF1574}.RelWithDebInfo|x64.ActiveCfg = RelWithDebInfo|x64
		{8AB66C70-00A3-389D-9F17-7858C7CF1574}.RelWithDebInfo|x64.Build.0 = RelWithDebInfo|x64
		{5D94B911-B14D-3914-A380-C9EBCF2974B7}.Debug|x64.ActiveCfg = Debug|x64
		{5D94B911-B14D-3914-A380-C9EBCF2974B7}.Debug|x64.Build.0 = Debug|x64
		{5D94B911-B14D-3914-A380-C9EBCF2974B7}.Release|x64.ActiveCfg = Release|x64
		{5D94B911-B14D-3914-A380-C9EBCF2974B7}.Release|x64.Build.0 = Release|x64
		{5D94B911-B14D-3914-A380-C9EBCF2974B7}.MinSizeRel|x64.ActiveCfg = MinSizeRel|x64
		{5D94B911-B14D-3914-A380-C9EBCF2974B7}.MinSizeRel|x64.Build.0 = MinSizeRel|x64
		{5D94B911-B14D-3914-A380-C9EBCF2974B7}.RelWithDebInfo|x64.ActiveCfg = RelWithDebInfo|x64
		{5D94B911-B14D-3914-A380-C9EBCF2974B7}.RelWithDebInfo|x64.Build.0 = RelWithDebInfo|x64
		{A0786567-E62E-374C-A1A0-C07773AE795B}.Debug|x64.ActiveCfg = Debug|x64
		{A0786567-E62E-374C-A1A0-C07773AE795B}.Debug|x64.Build.0 = Debug|x64
		{A0786567-E62E-374C-A1A0-C07773AE795B}.Release|x64.ActiveCfg = Release|x64
		{A0786567-E62E-374C-A1A0-C07773AE795B}.Release|x64.Build.0 = Release|x64
		{A0786567-E62E-374C-A1A0-C07773AE795B}.MinSizeRel|x64.ActiveCfg = MinSizeRel|x64
		{A0786567-E62E-374C-A1A0-C07773AE795B}.MinSizeRel|x64.Build.0 = MinSizeRel|x64
		{A0786567-E62E-374C-A1A0-C07773AE795B}.RelWithDebInfo|x64.ActiveCfg = RelWithDebInfo|x64
		{A0786567-E62E-374C-A1A0-C07773AE795B}.RelWithDebInfo|x64.Build.0 = RelWithDebInfo|x64
		{4C729D0B-C79B-3FCD-B44A-F5132114DC11}.Debug|x64.ActiveCfg = Debug|x64
		{4C729D0B-C79B-3FCD-B44A-F5132114DC11}.Debug|x64.Build.0 = Debug|x64
		{4C729D0B-C79B-3FCD-B44A-F5132114DC11}.Release|x64.ActiveCfg = Release|x64
		{4C729D0B-C79B-3FCD-B44A-F5132114DC11}.Release|x64.Build.0 = Release|x64
		{4C729D0B-C79B-3FCD-B44A-F5132114DC11}.MinSizeRel|x64.ActiveCfg = MinSizeRel|x64
		{4C729D0B-C79B-3FCD-B44A-F5132114DC11}.MinSizeRel|x64.Build.0 = MinSizeRel|x64
		{4C729D0B-C79B-3FCD-B44A-F5132114DC11}.RelWithDebInfo|x64.ActiveCfg = RelWithDebInfo|x64
		{4C729D0B-C79B-3FCD-B44A-F5132114DC11}.RelWithDebInfo|x64.Build.0 = RelWithDebInfo|x64
		{4AFD37CA-BA3F-3662-8690-D3B037171E7E}.Debug|x64.ActiveCfg = Debug|x64
		{4AFD37CA-BA3F-3662-8690-D3B037171E7E}.Debug|x64.Build.0 = Debug|x64
		{4AFD37CA-BA3F-3662-8690-D3B037171E7E}.Release|x64.ActiveCfg = Release|x64
		{4AFD37CA-BA3F-3662-8690-D3B037171E7E}.Release|x64.Build.0 = Release|x64
		{4AFD37CA-BA3F-3662-8690-D3B037171E7E}.MinSizeRel|x64.ActiveCfg = MinSizeRel|x64
		{4AFD37CA-BA3F-3662-8690-D3B037171E7E}.MinSizeRel|x64.Build.0 = MinSizeRel|x64
		{4AFD37CA-BA3F-3662-8690-D3B037171E7E}.RelWithDebInfo|x64.ActiveCfg = RelWithDebInfo|x64
		{4AFD37CA-BA3F-3662-8690-D3B037171E7E}.RelWithDebInfo|x64.Build.0 = RelWithDebInfo|x64
		{29BE14B8-1337-3DAC-BE21-C472E3B2396A}.Debug|x64.ActiveCfg = Debug|x64
		{29BE14B8-1337-3DAC-BE21-C472E3B2396A}.Debug|x64.Build.0 = Debug|x64
		{29BE14B8-1337-3DAC-BE21-C472E3B2396A}.Release|x64.ActiveCfg = Release|x64
		{29BE14B8-1337-3DAC-BE21-C472E3B2396A}.Release|x64.Build.0 = Release|x64
		{29BE14B8-1337-3DAC-BE21-C472E3B2396A}.MinSizeRel|x64.ActiveCfg = MinSizeRel|x64
		{29BE14B8-1337-3DAC-BE21-C472E3B2396A}.MinSizeRel|x64.Build.0 = MinSizeRel|x64
		{29BE14B8-1337-3DAC-BE21-C472E3B2396A}.RelWithDebInfo|x64.ActiveCfg = RelWithDebInfo|x64
		{29BE14B8-1337-3DAC-BE21-C472E3B2396A}.RelWithDebInfo|x64.Build.0 = RelWithDebInfo|x64
		{9AEAE149-0877-3647-A5DC-3126AD49FE9E}.Debug|x64.ActiveCfg = Debug|x64
		{9AEAE149-0877-3647-A5DC-3126AD49FE9E}.Debug|x64.Build.0 = Debug|x64
		{9AEAE149-0877-3647-A5DC-3126AD49FE9E}.Release|x64.ActiveCfg = Release|x64
		{9AEAE149-0877-3647-A5DC-3126AD49FE9E}.Release|x64.Build.0 = Release|x64
		{9AEAE149-0877-3647-A5DC-3126AD49FE9E}.MinSizeRel|x64.ActiveCfg = MinSizeRel|x64
		{9AEAE149-0877-3647-A5DC-3126AD49FE9E}.MinSizeRel|x64.Build.0 = MinSizeRel|x64
		{9AEAE149-0877-3647-A5DC-3126AD49FE9E}.RelWithDebInfo|x64.ActiveCfg = RelWithDebInfo|x64
		{9AEAE149-0877-3647-A5DC-3126AD49FE9E}.RelWithDebInfo|x64.Build.0 = RelWithDebInfo|x64
		{868AE59B-D32B-3B7B-B84C-FD7DF89EA4F0}.Debug|x64.ActiveCfg = Debug|x64
		{868AE59B-D32B-3B7B-B84C-FD7DF89EA4F0}.Debug|x64.Build.0 = Debug|x64
		{868AE59B-D32B-3B7B-B84C-FD7DF89EA4F0}.Release|x64.ActiveCfg = Release|x64
		{868AE59B-D32B-3B7B-B84C-FD7DF89EA4F0}.Release|x64.Build.0 = Release|x64
		{868AE59B-D32B-3B7B-B84C-FD7DF89EA4F0}.MinSizeRel|x64.ActiveCfg = MinSizeRel|x64
		{868AE59B-D32B-3B7B-B84C-FD7DF89EA4F0}.MinSizeRel|x64.Build.0 = MinSizeRel|x64
		{868AE59B-D32B-3B7B-B84C-FD7DF89EA4F0}.RelWithDebInfo|x64.ActiveCfg = RelWithDebInfo|x64
		{868AE59B-D32B-3B7B-B84C-FD7DF89EA4F0}.RelWithDebInfo|x64.Build.0 = RelWithDebInfo|x64
		{0DB18DB5-8D49-3A2C-B1AC-353BFC66EF81}.Debug|x64.ActiveCfg = Debug|x64
		{0DB18DB5-8D49-3A2C-B1AC-353BFC66EF81}.Debug|x64.Build.0 = Debug|x64
		{0DB18DB5-8D49-3A2C-B1AC-353BFC66EF81}.Release|x64.ActiveCfg = Release|x64
		{0DB18DB5-8D49-3A2C-B1AC-353BFC66EF81}.Release|x64.Build.0 = Release|x64
		{0DB18DB5-8D49-3A2C-B1AC-353BFC66EF81}.MinSizeRel|x64.ActiveCfg = MinSizeRel|x64
		{0DB18DB5-8D49-3A2C-B1AC-353BFC66EF81}.MinSizeRel|x64.Build.0 = MinSizeRel|x64
		{0DB18DB5-8D49-3A2C-B1AC-353BFC66EF81}.RelWithDebInfo|x64.ActiveCfg = RelWithDebInfo|x64
		{0DB18DB5-8D49-3A2C-B1AC-353BFC66EF81}.RelWithDebInfo|x64.Build.0 = RelWithDebInfo|x64
		{D4000A25-E675-38AE-AD91-6209FD814182}.Debug|x64.ActiveCfg = Debug|x64
		{D4000A25-E675-38AE-AD91-6209FD814182}.Debug|x64.Build.0 = Debug|x64
		{D4000A25-E675-38AE-AD91-6209FD814182}.Release|x64.ActiveCfg = Release|x64
		{D4000A25-E675-38AE-AD91-6209FD814182}.Release|x64.Build.0 = Release|x64
		{D4000A25-E675-38AE-AD91-6209FD814182}.MinSizeRel|x64.ActiveCfg = MinSizeRel|x64
		{D4000A25-E675-38AE-AD91-6209FD814182}.MinSizeRel|x64.Build.0 = MinSizeRel|x64
		{D4000A25-E675-38AE-AD91-6209FD814182}.RelWithDebInfo|x64.ActiveCfg = RelWithDebInfo|x64
		{D4000A25-E675-38AE-AD91-6209FD814182}.RelWithDebInfo|x64.Build.0 = RelWithDebInfo|x64
		{56130B2D-5089-379A-9852-7D6F1C9E11CA}.Debug|x64.ActiveCfg = Debug|x64
		{56130B2D-5089-379A-9852-7D6F1C9E11CA}.Debug|x64.Build.0 = Debug|x64
		{56130B2D-5089-379A-9852-7D6F1C9E11CA}.Release|x64.ActiveCfg = Release|x64
		{56130B2D-5089-379A-9852-7D6F1C9E11CA}.Release|x64.Build.0 = Release|x64
		{56130B2D-5089-379A-9852-7D6F1C9E11CA}.MinSizeRel|x64.ActiveCfg = MinSizeRel|x64
		{56130B2D-5089-379A-9852-7D6F1C9E11CA}.MinSizeRel|x64.Build.0 = MinSizeRel|x64
		{56130B2D-5089-379A-9852-7D6F1C9E11CA}.RelWithDebInfo|x64.ActiveCfg = RelWithDebInfo|x64
		{56130B2D-5089-379A-9852-7D6F1C9E11CA}.RelWithDebInfo|x64.Build.0 = RelWithDebInfo|x64
		{27DF597F-63CA-3396-862B-024651B36C5A}.Debug|x64.ActiveCfg = Debug|x64
		{27DF597F-63CA-3396-862B-024651B36C5A}.Release|x64.ActiveCfg = Release|x64
		{27DF597F-63CA-3396-862B-024651B36C5A}.MinSizeRel|x64.ActiveCfg = MinSizeRel|x64
		{27DF597F-63CA-3396-862B-024651B36C5A}.RelWithDebInfo|x64.ActiveCfg = RelWithDebInfo|x64
		{16FBB3F3-BF2E-3E4E-A53D-BD662B0DE5D2}.Debug|x64.ActiveCfg = Debug|x64
		{16FBB3F3-BF2E-3E4E-A53D-BD662B0DE5D2}.Debug|x64.Build.0 = Debug|x64
		{16FBB3F3-BF2E-3E4E-A53D-BD662B0DE5D2}.Release|x64.ActiveCfg = Release|x64
		{16FBB3F3-BF2E-3E4E-A53D-BD662B0DE5D2}.Release|x64.Build.0 = Release|x64
		{16FBB3F3-BF2E-3E4E-A53D-BD662B0DE5D2}.MinSizeRel|x64.ActiveCfg = MinSizeRel|x64
		{16FBB3F3-BF2E-3E4E-A53D-BD662B0DE5D2}.MinSizeRel|x64.Build.0 = MinSizeRel|x64
		{16FBB3F3-BF2E-3E4E-A53D-BD662B0DE5D2}.RelWithDebInfo|x64.ActiveCfg = RelWithDebInfo|x64
		{16FBB3F3-BF2E-3E4E-A53D-BD662B0DE5D2}.RelWithDebInfo|x64.Build.0 = RelWithDebInfo|x64
		{3EB21716-456D-34E8-AD23-79ADA2F7F7DC}.Debug|x64.ActiveCfg = Debug|x64
		{3EB21716-456D-34E8-AD23-79ADA2F7F7DC}.Debug|x64.Build.0 = Debug|x64
		{3EB21716-456D-34E8-AD23-79ADA2F7F7DC}.Release|x64.ActiveCfg = Release|x64
		{3EB21716-456D-34E8-AD23-79ADA2F7F7DC}.Release|x64.Build.0 = Release|x64
		{3EB21716-456D-34E8-AD23-79ADA2F7F7DC}.MinSizeRel|x64.ActiveCfg = MinSizeRel|x64
		{3EB21716-456D-34E8-AD23-79ADA2F7F7DC}.MinSizeRel|x64.Build.0 = MinSizeRel|x64
		{3EB21716-456D-34E8-AD23-79ADA2F7F7DC}.RelWithDebInfo|x64.ActiveCfg = RelWithDebInfo|x64
		{3EB21716-456D-34E8-AD23-79ADA2F7F7DC}.RelWithDebInfo|x64.Build.0 = RelWithDebInfo|x64
		{96427AD7-18A9-31EA-9F64-D86717DFC7B6}.Debug|x64.ActiveCfg = Debug|x64
		{96427AD7-18A9-31EA-9F64-D86717DFC7B6}.Debug|x64.Build.0 = Debug|x64
		{96427AD7-18A9-31EA-9F64-D86717DFC7B6}.Release|x64.ActiveCfg = Release|x64
		{96427AD7-18A9-31EA-9F64-D86717DFC7B6}.Release|x64.Build.0 = Release|x64
		{96427AD7-18A9-31EA-9F64-D86717DFC7B6}.MinSizeRel|x64.ActiveCfg = MinSizeRel|x64
		{96427AD7-18A9-31EA-9F64-D86717DFC7B6}.MinSizeRel|x64.Build.0 = MinSizeRel|x64
		{96427AD7-18A9-31EA-9F64-D86717DFC7B6}.RelWithDebInfo|x64.ActiveCfg = RelWithDebInfo|x64
		{96427AD7-18A9-31EA-9F64-D86717DFC7B6}.RelWithDebInfo|x64.Build.0 = RelWithDebInfo|x64
		{123EF301-34FC-3E56-B93F-A033CB2DB0C8}.Debug|x64.ActiveCfg = Debug|x64
		{123EF301-34FC-3E56-B93F-A033CB2DB0C8}.Debug|x64.Build.0 = Debug|x64
		{123EF301-34FC-3E56-B93F-A033CB2DB0C8}.Release|x64.ActiveCfg = Release|x64
		{123EF301-34FC-3E56-B93F-A033CB2DB0C8}.Release|x64.Build.0 = Release|x64
		{123EF301-34FC-3E56-B93F-A033CB2DB0C8}.MinSizeRel|x64.ActiveCfg = MinSizeRel|x64
		{123EF301-34FC-3E56-B93F-A033CB2DB0C8}.MinSizeRel|x64.Build.0 = MinSizeRel|x64
		{123EF301-34FC-3E56-B93F-A033CB2DB0C8}.RelWithDebInfo|x64.ActiveCfg = RelWithDebInfo|x64
		{123EF301-34FC-3E56-B93F-A033CB2DB0C8}.RelWithDebInfo|x64.Build.0 = RelWithDebInfo|x64
		{B460C669-3FF9-34E2-9A82-4C05E0E479E7}.Debug|x64.ActiveCfg = Debug|x64
		{B460C669-3FF9-34E2-9A82-4C05E0E479E7}.Debug|x64.Build.0 = Debug|x64
		{B460C669-3FF9-34E2-9A82-4C05E0E479E7}.Release|x64.ActiveCfg = Release|x64
		{B460C669-3FF9-34E2-9A82-4C05E0E479E7}.Release|x64.Build.0 = Release|x64
		{B460C669-3FF9-34E2-9A82-4C05E0E479E7}.MinSizeRel|x64.ActiveCfg = MinSizeRel|x64
		{B460C669-3FF9-34E2-9A82-4C05E0E479E7}.MinSizeRel|x64.Build.0 = MinSizeRel|x64
		{B460C669-3FF9-34E2-9A82-4C05E0E479E7}.RelWithDebInfo|x64.ActiveCfg = RelWithDebInfo|x64
		{B460C669-3FF9-34E2-9A82-4C05E0E479E7}.RelWithDebInfo|x64.Build.0 = RelWithDebInfo|x64
		{DA0DCD7C-008C-3F82-9596-30DB04726DA0}.Debug|x64.ActiveCfg = Debug|x64
		{DA0DCD7C-008C-3F82-9596-30DB04726DA0}.Release|x64.ActiveCfg = Release|x64
		{DA0DCD7C-008C-3F82-9596-30DB04726DA0}.MinSizeRel|x64.ActiveCfg = MinSizeRel|x64
		{DA0DCD7C-008C-3F82-9596-30DB04726DA0}.RelWithDebInfo|x64.ActiveCfg = RelWithDebInfo|x64
	EndGlobalSection
	GlobalSection(ExtensibilityGlobals) = postSolution
		SolutionGuid = {7626EE64-1565-3295-BA0C-662F00761562}
	EndGlobalSection
	GlobalSection(ExtensibilityAddIns) = postSolution
	EndGlobalSection
EndGlobal
